// !$*UTF8*$!
{
	archiveVersion = 1;
	classes = {
	};
	objectVersion = 48;
	objects = {

/* Begin PBXBuildFile section */
		FA9006DE1FDC281200DF28B6 /* future.cpp in Sources */ = {isa = PBXBuildFile; fileRef = FA9006DD1FDC281100DF28B6 /* future.cpp */; };
		FA9006EA1FDC2ECB00DF28B6 /* sp.cpp in Sources */ = {isa = PBXBuildFile; fileRef = FA9006E01FDC2E5000DF28B6 /* sp.cpp */; };
/* End PBXBuildFile section */

/* Begin PBXCopyFilesBuildPhase section */
		FA9006D01FDC27E100DF28B6 /* CopyFiles */ = {
			isa = PBXCopyFilesBuildPhase;
			buildActionMask = 2147483647;
			dstPath = /usr/share/man/man1/;
			dstSubfolderSpec = 0;
			files = (
			);
			runOnlyForDeploymentPostprocessing = 1;
		};
		FA9006E51FDC2E8400DF28B6 /* CopyFiles */ = {
			isa = PBXCopyFilesBuildPhase;
			buildActionMask = 2147483647;
			dstPath = /usr/share/man/man1/;
			dstSubfolderSpec = 0;
			files = (
			);
			runOnlyForDeploymentPostprocessing = 1;
		};
/* End PBXCopyFilesBuildPhase section */

/* Begin PBXFileReference section */
		FA9006D21FDC27E100DF28B6 /* futre */ = {isa = PBXFileReference; explicitFileType = "compiled.mach-o.executable"; includeInIndex = 0; path = futre; sourceTree = BUILT_PRODUCTS_DIR; };
		FA9006DD1FDC281100DF28B6 /* future.cpp */ = {isa = PBXFileReference; fileEncoding = 4; lastKnownFileType = sourcecode.cpp.cpp; path = future.cpp; sourceTree = "<group>"; };
		FA9006E01FDC2E5000DF28B6 /* sp.cpp */ = {isa = PBXFileReference; lastKnownFileType = sourcecode.cpp.cpp; path = sp.cpp; sourceTree = "<group>"; };
		FA9006E91FDC2E8400DF28B6 /* smart_pointer */ = {isa = PBXFileReference; explicitFileType = "compiled.mach-o.executable"; includeInIndex = 0; path = smart_pointer; sourceTree = BUILT_PRODUCTS_DIR; };
/* End PBXFileReference section */

/* Begin PBXFrameworksBuildPhase section */
		FA9006CF1FDC27E100DF28B6 /* Frameworks */ = {
			isa = PBXFrameworksBuildPhase;
			buildActionMask = 2147483647;
			files = (
			);
			runOnlyForDeploymentPostprocessing = 0;
		};
		FA9006E41FDC2E8400DF28B6 /* Frameworks */ = {
			isa = PBXFrameworksBuildPhase;
			buildActionMask = 2147483647;
			files = (
			);
			runOnlyForDeploymentPostprocessing = 0;
		};
/* End PBXFrameworksBuildPhase section */

/* Begin PBXGroup section */
		FA9006C91FDC27E100DF28B6 = {
			isa = PBXGroup;
			children = (
				FA9006DF1FDC2E2300DF28B6 /* smart_pointer */,
				FA9006DC1FDC281100DF28B6 /* future */,
				FA9006D31FDC27E100DF28B6 /* Products */,
			);
			sourceTree = "<group>";
		};
		FA9006D31FDC27E100DF28B6 /* Products */ = {
			isa = PBXGroup;
			children = (
				FA9006D21FDC27E100DF28B6 /* futre */,
				FA9006E91FDC2E8400DF28B6 /* smart_pointer */,
			);
			name = Products;
			sourceTree = "<group>";
		};
		FA9006DC1FDC281100DF28B6 /* future */ = {
			isa = PBXGroup;
			children = (
				FA9006DD1FDC281100DF28B6 /* future.cpp */,
			);
			path = future;
			sourceTree = "<group>";
		};
		FA9006DF1FDC2E2300DF28B6 /* smart_pointer */ = {
			isa = PBXGroup;
			children = (
				FA9006E01FDC2E5000DF28B6 /* sp.cpp */,
			);
			path = smart_pointer;
			sourceTree = "<group>";
		};
/* End PBXGroup section */

/* Begin PBXNativeTarget section */
		FA9006D11FDC27E100DF28B6 /* futre */ = {
			isa = PBXNativeTarget;
			buildConfigurationList = FA9006D91FDC27E100DF28B6 /* Build configuration list for PBXNativeTarget "futre" */;
			buildPhases = (
				FA9006CE1FDC27E100DF28B6 /* Sources */,
				FA9006CF1FDC27E100DF28B6 /* Frameworks */,
				FA9006D01FDC27E100DF28B6 /* CopyFiles */,
			);
			buildRules = (
			);
			dependencies = (
			);
			name = futre;
			productName = CPP11Demo;
			productReference = FA9006D21FDC27E100DF28B6 /* futre */;
			productType = "com.apple.product-type.tool";
		};
		FA9006E11FDC2E8400DF28B6 /* smart_pointer */ = {
			isa = PBXNativeTarget;
			buildConfigurationList = FA9006E61FDC2E8400DF28B6 /* Build configuration list for PBXNativeTarget "smart_pointer" */;
			buildPhases = (
				FA9006E21FDC2E8400DF28B6 /* Sources */,
				FA9006E41FDC2E8400DF28B6 /* Frameworks */,
				FA9006E51FDC2E8400DF28B6 /* CopyFiles */,
			);
			buildRules = (
			);
			dependencies = (
			);
			name = smart_pointer;
			productName = CPP11Demo;
			productReference = FA9006E91FDC2E8400DF28B6 /* smart_pointer */;
			productType = "com.apple.product-type.tool";
		};
/* End PBXNativeTarget section */

/* Begin PBXProject section */
		FA9006CA1FDC27E100DF28B6 /* Project object */ = {
			isa = PBXProject;
			attributes = {
				LastUpgradeCheck = 0910;
				ORGANIZATIONNAME = MOMO;
				TargetAttributes = {
					FA9006D11FDC27E100DF28B6 = {
						CreatedOnToolsVersion = 9.1;
						ProvisioningStyle = Automatic;
					};
					FA9006E11FDC2E8400DF28B6 = {
						ProvisioningStyle = Automatic;
					};
				};
			};
			buildConfigurationList = FA9006CD1FDC27E100DF28B6 /* Build configuration list for PBXProject "CPP11Demo" */;
			compatibilityVersion = "Xcode 8.0";
			developmentRegion = en;
			hasScannedForEncodings = 0;
			knownRegions = (
				en,
			);
			mainGroup = FA9006C91FDC27E100DF28B6;
			productRefGroup = FA9006D31FDC27E100DF28B6 /* Products */;
			projectDirPath = "";
			projectRoot = "";
			targets = (
				FA9006D11FDC27E100DF28B6 /* futre */,
				FA9006E11FDC2E8400DF28B6 /* smart_pointer */,
			);
		};
/* End PBXProject section */

/* Begin PBXSourcesBuildPhase section */
		FA9006CE1FDC27E100DF28B6 /* Sources */ = {
			isa = PBXSourcesBuildPhase;
			buildActionMask = 2147483647;
			files = (
				FA9006DE1FDC281200DF28B6 /* future.cpp in Sources */,
			);
			runOnlyForDeploymentPostprocessing = 0;
		};
		FA9006E21FDC2E8400DF28B6 /* Sources */ = {
			isa = PBXSourcesBuildPhase;
			buildActionMask = 2147483647;
			files = (
				FA9006EA1FDC2ECB00DF28B6 /* sp.cpp in Sources */,
			);
			runOnlyForDeploymentPostprocessing = 0;
		};
/* End PBXSourcesBuildPhase section */

/* Begin XCBuildConfiguration section */
		FA9006D71FDC27E100DF28B6 /* Debug */ = {
			isa = XCBuildConfiguration;
			buildSettings = {
				ALWAYS_SEARCH_USER_PATHS = NO;
				CLANG_ANALYZER_NONNULL = YES;
				CLANG_ANALYZER_NUMBER_OBJECT_CONVERSION = YES_AGGRESSIVE;
				CLANG_CXX_LANGUAGE_STANDARD = "gnu++14";
				CLANG_CXX_LIBRARY = "libc++";
				CLANG_ENABLE_MODULES = YES;
				CLANG_ENABLE_OBJC_ARC = YES;
				CLANG_WARN_BLOCK_CAPTURE_AUTORELEASING = YES;
				CLANG_WARN_BOOL_CONVERSION = YES;
				CLANG_WARN_COMMA = YES;
				CLANG_WARN_CONSTANT_CONVERSION = YES;
				CLANG_WARN_DIRECT_OBJC_ISA_USAGE = YES_ERROR;
				CLANG_WARN_DOCUMENTATION_COMMENTS = YES;
				CLANG_WARN_EMPTY_BODY = YES;
				CLANG_WARN_ENUM_CONVERSION = YES;
				CLANG_WARN_INFINITE_RECURSION = YES;
				CLANG_WARN_INT_CONVERSION = YES;
				CLANG_WARN_NON_LITERAL_NULL_CONVERSION = YES;
				CLANG_WARN_OBJC_LITERAL_CONVERSION = YES;
				CLANG_WARN_OBJC_ROOT_CLASS = YES_ERROR;
				CLANG_WARN_RANGE_LOOP_ANALYSIS = YES;
				CLANG_WARN_STRICT_PROTOTYPES = YES;
				CLANG_WARN_SUSPICIOUS_MOVE = YES;
				CLANG_WARN_UNGUARDED_AVAILABILITY = YES_AGGRESSIVE;
				CLANG_WARN_UNREACHABLE_CODE = YES;
				CLANG_WARN__DUPLICATE_METHOD_MATCH = YES;
				CODE_SIGN_IDENTITY = "-";
				COPY_PHASE_STRIP = NO;
				DEBUG_INFORMATION_FORMAT = dwarf;
				ENABLE_STRICT_OBJC_MSGSEND = YES;
				ENABLE_TESTABILITY = YES;
				GCC_C_LANGUAGE_STANDARD = gnu11;
				GCC_DYNAMIC_NO_PIC = NO;
				GCC_NO_COMMON_BLOCKS = YES;
				GCC_OPTIMIZATION_LEVEL = 0;
				GCC_PREPROCESSOR_DEFINITIONS = (
					"DEBUG=1",
					"$(inherited)",
				);
				GCC_WARN_64_TO_32_BIT_CONVERSION = YES;
				GCC_WARN_ABOUT_RETURN_TYPE = YES_ERROR;
				GCC_WARN_UNDECLARED_SELECTOR = YES;
				GCC_WARN_UNINITIALIZED_AUTOS = YES_AGGRESSIVE;
				GCC_WARN_UNUSED_FUNCTION = YES;
				GCC_WARN_UNUSED_VARIABLE = YES;
				MACOSX_DEPLOYMENT_TARGET = 10.13;
				MTL_ENABLE_DEBUG_INFO = YES;
				ONLY_ACTIVE_ARCH = YES;
				SDKROOT = macosx;
			};
			name = Debug;
		};
		FA9006D81FDC27E100DF28B6 /* Release */ = {
			isa = XCBuildConfiguration;
			buildSettings = {
				ALWAYS_SEARCH_USER_PATHS = NO;
				CLANG_ANALYZER_NONNULL = YES;
				CLANG_ANALYZER_NUMBER_OBJECT_CONVERSION = YES_AGGRESSIVE;
				CLANG_CXX_LANGUAGE_STANDARD = "gnu++14";
				CLANG_CXX_LIBRARY = "libc++";
				CLANG_ENABLE_MODULES = YES;
				CLANG_ENABLE_OBJC_ARC = YES;
				CLANG_WARN_BLOCK_CAPTURE_AUTORELEASING = YES;
				CLANG_WARN_BOOL_CONVERSION = YES;
				CLANG_WARN_COMMA = YES;
				CLANG_WARN_CONSTANT_CONVERSION = YES;
				CLANG_WARN_DIRECT_OBJC_ISA_USAGE = YES_ERROR;
				CLANG_WARN_DOCUMENTATION_COMMENTS = YES;
				CLANG_WARN_EMPTY_BODY = YES;
				CLANG_WARN_ENUM_CONVERSION = YES;
				CLANG_WARN_INFINITE_RECURSION = YES;
				CLANG_WARN_INT_CONVERSION = YES;
				CLANG_WARN_NON_LITERAL_NULL_CONVERSION = YES;
				CLANG_WARN_OBJC_LITERAL_CONVERSION = YES;
				CLANG_WARN_OBJC_ROOT_CLASS = YES_ERROR;
				CLANG_WARN_RANGE_LOOP_ANALYSIS = YES;
				CLANG_WARN_STRICT_PROTOTYPES = YES;
				CLANG_WARN_SUSPICIOUS_MOVE = YES;
				CLANG_WARN_UNGUARDED_AVAILABILITY = YES_AGGRESSIVE;
				CLANG_WARN_UNREACHABLE_CODE = YES;
				CLANG_WARN__DUPLICATE_METHOD_MATCH = YES;
				CODE_SIGN_IDENTITY = "-";
				COPY_PHASE_STRIP = NO;
				DEBUG_INFORMATION_FORMAT = "dwarf-with-dsym";
				ENABLE_NS_ASSERTIONS = NO;
				ENABLE_STRICT_OBJC_MSGSEND = YES;
				GCC_C_LANGUAGE_STANDARD = gnu11;
				GCC_NO_COMMON_BLOCKS = YES;
				GCC_WARN_64_TO_32_BIT_CONVERSION = YES;
				GCC_WARN_ABOUT_RETURN_TYPE = YES_ERROR;
				GCC_WARN_UNDECLARED_SELECTOR = YES;
				GCC_WARN_UNINITIALIZED_AUTOS = YES_AGGRESSIVE;
				GCC_WARN_UNUSED_FUNCTION = YES;
				GCC_WARN_UNUSED_VARIABLE = YES;
				MACOSX_DEPLOYMENT_TARGET = 10.13;
				MTL_ENABLE_DEBUG_INFO = NO;
				SDKROOT = macosx;
			};
			name = Release;
		};
		FA9006DA1FDC27E100DF28B6 /* Debug */ = {
			isa = XCBuildConfiguration;
			buildSettings = {
				CODE_SIGN_STYLE = Automatic;
				PRODUCT_NAME = "$(TARGET_NAME)";
			};
			name = Debug;
		};
		FA9006DB1FDC27E100DF28B6 /* Release */ = {
			isa = XCBuildConfiguration;
			buildSettings = {
				CODE_SIGN_STYLE = Automatic;
				PRODUCT_NAME = "$(TARGET_NAME)";
			};
			name = Release;
		};
		FA9006E71FDC2E8400DF28B6 /* Debug */ = {
			isa = XCBuildConfiguration;
			buildSettings = {
				CODE_SIGN_STYLE = Automatic;
				PRODUCT_NAME = "$(TARGET_NAME)";
			};
			name = Debug;
		};
		FA9006E81FDC2E8400DF28B6 /* Release */ = {
			isa = XCBuildConfiguration;
			buildSettings = {
				CODE_SIGN_STYLE = Automatic;
				PRODUCT_NAME = "$(TARGET_NAME)";
			};
			name = Release;
		};
/* End XCBuildConfiguration section */

/* Begin XCConfigurationList section */
		FA9006CD1FDC27E100DF28B6 /* Build configuration list for PBXProject "CPP11Demo" */ = {
			isa = XCConfigurationList;
			buildConfigurations = (
				FA9006D71FDC27E100DF28B6 /* Debug */,
				FA9006D81FDC27E100DF28B6 /* Release */,
			);
			defaultConfigurationIsVisible = 0;
			defaultConfigurationName = Release;
		};
		FA9006D91FDC27E100DF28B6 /* Build configuration list for PBXNativeTarget "futre" */ = {
			isa = XCConfigurationList;
			buildConfigurations = (
				FA9006DA1FDC27E100DF28B6 /* Debug */,
				FA9006DB1FDC27E100DF28B6 /* Release */,
			);
			defaultConfigurationIsVisible = 0;
			defaultConfigurationName = Release;
		};
		FA9006E61FDC2E8400DF28B6 /* Build configuration list for PBXNativeTarget "smart_pointer" */ = {
			isa = XCConfigurationList;
			buildConfigurations = (
				FA9006E71FDC2E8400DF28B6 /* Debug */,
				FA9006E81FDC2E8400DF28B6 /* Release */,
			);
			defaultConfigurationIsVisible = 0;
			defaultConfigurationName = Release;
		};
/* End XCConfigurationList section */
	};
	rootObject = FA9006CA1FDC27E100DF28B6 /* Project object */;
}
